
Microsoft Visual Studio Solution File, Format Version 12.00
Project("{FAE04EC0-301F-11D3-BF4B-00C04F79EFBC}") = "ArticleCase.API", "ArticleCase.API\ArticleCase.API.csproj", "{9FD6B9B3-8868-4F62-9931-D00058124042}"
EndProject
Project("{FAE04EC0-301F-11D3-BF4B-00C04F79EFBC}") = "ArticleCase.Core", "ArticleCase.Core\ArticleCase.Core.csproj", "{2C0BCBF1-4B2A-4646-A637-7009F5108AE9}"
EndProject
Project("{FAE04EC0-301F-11D3-BF4B-00C04F79EFBC}") = "ArticleCase.Infrastructure", "ArticleCase.Infrastructure\ArticleCase.Infrastructure.csproj", "{4799C82E-B38B-4F55-A1D0-60E37A63D46B}"
EndProject
Project("{FAE04EC0-301F-11D3-BF4B-00C04F79EFBC}") = "ArticleCase.Contract", "ArticleCase.Contract\ArticleCase.Contract.csproj", "{B74AFA49-A67F-4B86-9A50-13408CC0932D}"
EndProject
Project("{FAE04EC0-301F-11D3-BF4B-00C04F79EFBC}") = "ArticleCase.Domain", "ArticleCase.Domain\ArticleCase.Domain.csproj", "{7B0EA024-64CF-4FDE-A91D-EFA71EDC0577}"
EndProject
Project("{FAE04EC0-301F-11D3-BF4B-00C04F79EFBC}") = "ArticleCase.Repository", "ArticleCase.Repository\ArticleCase.Repository.csproj", "{F23F0B3A-CC57-4B95-B29A-835725C308CD}"
EndProject
Global
	GlobalSection(SolutionConfigurationPlatforms) = preSolution
		Debug|Any CPU = Debug|Any CPU
		Release|Any CPU = Release|Any CPU
	EndGlobalSection
	GlobalSection(ProjectConfigurationPlatforms) = postSolution
		{9FD6B9B3-8868-4F62-9931-D00058124042}.Debug|Any CPU.ActiveCfg = Debug|Any CPU
		{9FD6B9B3-8868-4F62-9931-D00058124042}.Debug|Any CPU.Build.0 = Debug|Any CPU
		{9FD6B9B3-8868-4F62-9931-D00058124042}.Release|Any CPU.ActiveCfg = Release|Any CPU
		{9FD6B9B3-8868-4F62-9931-D00058124042}.Release|Any CPU.Build.0 = Release|Any CPU
		{2C0BCBF1-4B2A-4646-A637-7009F5108AE9}.Debug|Any CPU.ActiveCfg = Debug|Any CPU
		{2C0BCBF1-4B2A-4646-A637-7009F5108AE9}.Debug|Any CPU.Build.0 = Debug|Any CPU
		{2C0BCBF1-4B2A-4646-A637-7009F5108AE9}.Release|Any CPU.ActiveCfg = Release|Any CPU
		{2C0BCBF1-4B2A-4646-A637-7009F5108AE9}.Release|Any CPU.Build.0 = Release|Any CPU
		{4799C82E-B38B-4F55-A1D0-60E37A63D46B}.Debug|Any CPU.ActiveCfg = Debug|Any CPU
		{4799C82E-B38B-4F55-A1D0-60E37A63D46B}.Debug|Any CPU.Build.0 = Debug|Any CPU
		{4799C82E-B38B-4F55-A1D0-60E37A63D46B}.Release|Any CPU.ActiveCfg = Release|Any CPU
		{4799C82E-B38B-4F55-A1D0-60E37A63D46B}.Release|Any CPU.Build.0 = Release|Any CPU
		{B74AFA49-A67F-4B86-9A50-13408CC0932D}.Debug|Any CPU.ActiveCfg = Debug|Any CPU
		{B74AFA49-A67F-4B86-9A50-13408CC0932D}.Debug|Any CPU.Build.0 = Debug|Any CPU
		{B74AFA49-A67F-4B86-9A50-13408CC0932D}.Release|Any CPU.ActiveCfg = Release|Any CPU
		{B74AFA49-A67F-4B86-9A50-13408CC0932D}.Release|Any CPU.Build.0 = Release|Any CPU
		{7B0EA024-64CF-4FDE-A91D-EFA71EDC0577}.Debug|Any CPU.ActiveCfg = Debug|Any CPU
		{7B0EA024-64CF-4FDE-A91D-EFA71EDC0577}.Debug|Any CPU.Build.0 = Debug|Any CPU
		{7B0EA024-64CF-4FDE-A91D-EFA71EDC0577}.Release|Any CPU.ActiveCfg = Release|Any CPU
		{7B0EA024-64CF-4FDE-A91D-EFA71EDC0577}.Release|Any CPU.Build.0 = Release|Any CPU
		{F23F0B3A-CC57-4B95-B29A-835725C308CD}.Debug|Any CPU.ActiveCfg = Debug|Any CPU
		{F23F0B3A-CC57-4B95-B29A-835725C308CD}.Debug|Any CPU.Build.0 = Debug|Any CPU
		{F23F0B3A-CC57-4B95-B29A-835725C308CD}.Release|Any CPU.ActiveCfg = Release|Any CPU
		{F23F0B3A-CC57-4B95-B29A-835725C308CD}.Release|Any CPU.Build.0 = Release|Any CPU
	EndGlobalSection
EndGlobal
